
Microsoft Visual Studio Solution File, Format Version 12.00
# Visual Studio Version 17
VisualStudioVersion = 17.2.32616.157
MinimumVisualStudioVersion = 10.0.40219.1
Project("{FAE04EC0-301F-11D3-BF4B-00C04F79EFBC}") = "OOP-Battle", "OOP-Battle.csproj", "{8D298033-D9C4-4F45-AD1E-9C3C34A25C2C}"
EndProject
Global
	GlobalSection(SolutionConfigurationPlatforms) = preSolution
		Debug|Any CPU = Debug|Any CPU
		Release|Any CPU = Release|Any CPU
	EndGlobalSection
	GlobalSection(ProjectConfigurationPlatforms) = postSolution
		{8D298033-D9C4-4F45-AD1E-9C3C34A25C2C}.Debug|Any CPU.ActiveCfg = Debug|Any CPU
		{8D298033-D9C4-4F45-AD1E-9C3C34A25C2C}.Debug|Any CPU.Build.0 = Debug|Any CPU
		{8D298033-D9C4-4F45-AD1E-9C3C34A25C2C}.Release|Any CPU.ActiveCfg = Release|Any CPU
		{8D298033-D9C4-4F45-AD1E-9C3C34A25C2C}.Release|Any CPU.Build.0 = Release|Any CPU
	EndGlobalSection
	GlobalSection(SolutionProperties) = preSolution
		HideSolutionNode = FALSE
	EndGlobalSection
	GlobalSection(ExtensibilityGlobals) = postSolution
		SolutionGuid = {A06F7672-BBCF-473A-9BD3-7EC262A0DA09}
	EndGlobalSection
EndGlobal
